
Microsoft Visual Studio Solution File, Format Version 12.00
# Visual Studio Version 16
VisualStudioVersion = 16.0.31702.278
MinimumVisualStudioVersion = 10.0.40219.1
Project("{FAE04EC0-301F-11D3-BF4B-00C04F79EFBC}") = "VisualComponents1", "VisualComponents1\VisualComponents1.csproj", "{880B4538-B05A-4F52-B8A3-5CC6D951FE51}"
EndProject
Global
	GlobalSection(SolutionConfigurationPlatforms) = preSolution
		Debug|Any CPU = Debug|Any CPU
		Release|Any CPU = Release|Any CPU
	EndGlobalSection
	GlobalSection(ProjectConfigurationPlatforms) = postSolution
		{880B4538-B05A-4F52-B8A3-5CC6D951FE51}.Debug|Any CPU.ActiveCfg = Debug|Any CPU
		{880B4538-B05A-4F52-B8A3-5CC6D951FE51}.Debug|Any CPU.Build.0 = Debug|Any CPU
		{880B4538-B05A-4F52-B8A3-5CC6D951FE51}.Release|Any CPU.ActiveCfg = Release|Any CPU
		{880B4538-B05A-4F52-B8A3-5CC6D951FE51}.Release|Any CPU.Build.0 = Release|Any CPU
	EndGlobalSection
	GlobalSection(SolutionProperties) = preSolution
		HideSolutionNode = FALSE
	EndGlobalSection
	GlobalSection(ExtensibilityGlobals) = postSolution
		SolutionGuid = {34EEBA3F-482B-4DA1-A6EB-2EABEF79D804}
	EndGlobalSection
EndGlobal
